<Solution>
  <Folder Name="/Solution Items/">
    <File Path=".editorconfig" />
    <File Path=".gitattributes" />
    <File Path=".gitignore" />
    <File Path="BB84.Multiple.Choices.slnx.licenseheader" />
    <File Path="CODEOWNERS" />
    <File Path="CODE_OF_CONDUCT.md" />
    <File Path="Directory.Build.props" />
    <File Path="Directory.Packages.props" />
    <File Path="LICENSE" />
    <File Path="MIGRATION_PLAN.md" />
  </Folder>
  <Folder Name="/src/">
    <Project Path="src/BB84.Multiple.Choices.Core/BB84.Multiple.Choices.Core.csproj" />
    <Project Path="src/BB84.Multiple.Choices.Web/BB84.Multiple.Choices.Web.csproj" />
    <Project Path="src/BB84.Multiple.Choices/BB84.Multiple.Choices.csproj" />
  </Folder>
  <Folder Name="/tests/">
    <Project Path="tests/BB84.Multiple.Choices.Core.Tests/BB84.Multiple.Choices.Core.Tests.csproj" Id="e25696f5-3e49-4127-92e1-861fbdcdee1a" />
    <Project Path="tests/BB84.Multiple.Choices.Tests/BB84.Multiple.Choices.Tests.csproj" />
  </Folder>
</Solution>
